// !$*UTF8*$!
{
	archiveVersion = 1;
	classes = {
	};
	objectVersion = 46;
	objects = {

/* Begin PBXBuildFile section */
		CC611E751D7780C700144926 /* libboost_system.dylib in Frameworks */ = {isa = PBXBuildFile; fileRef = CC611E711D7780C700144926 /* libboost_system.dylib */; };
		CC611E761D7780C700144926 /* libboost_filesystem.dylib in Frameworks */ = {isa = PBXBuildFile; fileRef = CC611E721D7780C700144926 /* libboost_filesystem.dylib */; };
		CC611E7C1D77821800144926 /* LevelReaderWriter.cpp in Sources */ = {isa = PBXBuildFile; fileRef = CC611E7A1D77821800144926 /* LevelReaderWriter.cpp */; };
		CC611E7D1D7783B700144926 /* libMrEngine.a in Frameworks */ = {isa = PBXBuildFile; fileRef = CC611D721D73876200144926 /* libMrEngine.a */; };
		CC611E821D77B28200144926 /* SDL2.framework in Frameworks */ = {isa = PBXBuildFile; fileRef = CC9BA5361D5813DA00EF149F /* SDL2.framework */; };
		CC611E831D77B28200144926 /* SDL2_ttf.framework in Frameworks */ = {isa = PBXBuildFile; fileRef = CC9BA5421D58163800EF149F /* SDL2_ttf.framework */; };
		CC7EBE091D64E93200DF36A9 /* imgui_demo.cpp in Sources */ = {isa = PBXBuildFile; fileRef = CC7EBE081D64E93200DF36A9 /* imgui_demo.cpp */; };
		CC990C281D60C2F4004FAFA9 /* libBox2D.a in Frameworks */ = {isa = PBXBuildFile; fileRef = CC9BA5D01D5D50D000EF149F /* libBox2D.a */; };
		CC9BA5441D58164100EF149F /* OpenGL.framework in Frameworks */ = {isa = PBXBuildFile; fileRef = CC9BA5381D5813E300EF149F /* OpenGL.framework */; };
		CCB4E1C21D68D5BE0006DB62 /* PauseMenu.cpp in Sources */ = {isa = PBXBuildFile; fileRef = CCB4E1C01D68D5BE0006DB62 /* PauseMenu.cpp */; };
		CCB4E1C51D6DE6E70006DB62 /* MainMenuScreen.cpp in Sources */ = {isa = PBXBuildFile; fileRef = CCB4E1C31D6DE6E70006DB62 /* MainMenuScreen.cpp */; };
		CCB4E1C91D6E2BAC0006DB62 /* EditorScreen.cpp in Sources */ = {isa = PBXBuildFile; fileRef = CCB4E1C71D6E2BAC0006DB62 /* EditorScreen.cpp */; };
		CCE0079E1D64163E00611E69 /* App.cpp in Sources */ = {isa = PBXBuildFile; fileRef = CCE0078C1D64160600611E69 /* App.cpp */; };
		CCE0079F1D64163E00611E69 /* Box.cpp in Sources */ = {isa = PBXBuildFile; fileRef = CCE0078E1D64160600611E69 /* Box.cpp */; };
		CCE007A01D64163E00611E69 /* Capsule.cpp in Sources */ = {isa = PBXBuildFile; fileRef = CCE007901D64160600611E69 /* Capsule.cpp */; };
		CCE007A11D64163E00611E69 /* GameplayScreen.cpp in Sources */ = {isa = PBXBuildFile; fileRef = CCE007921D64160600611E69 /* GameplayScreen.cpp */; };
		CCE007A21D64163E00611E69 /* main.cpp in Sources */ = {isa = PBXBuildFile; fileRef = CCE007951D64160600611E69 /* main.cpp */; };
		CCE007A31D64163E00611E69 /* Player.cpp in Sources */ = {isa = PBXBuildFile; fileRef = CCE007961D64160600611E69 /* Player.cpp */; };
		CCE007A41D64165600611E69 /* imgui_draw.cpp in Sources */ = {isa = PBXBuildFile; fileRef = CC8F40951D636945003F80C0 /* imgui_draw.cpp */; };
		CCE007A51D64165600611E69 /* imgui.cpp in Sources */ = {isa = PBXBuildFile; fileRef = CC8F40971D636945003F80C0 /* imgui.cpp */; };
/* End PBXBuildFile section */

/* Begin PBXCopyFilesBuildPhase section */
		CC9BA5151D57ADC300EF149F /* CopyFiles */ = {
			isa = PBXCopyFilesBuildPhase;
			buildActionMask = 2147483647;
			dstPath = /usr/share/man/man1/;
			dstSubfolderSpec = 0;
			files = (
			);
			runOnlyForDeploymentPostprocessing = 1;
		};
/* End PBXCopyFilesBuildPhase section */

/* Begin PBXFileReference section */
		CC611D721D73876200144926 /* libMrEngine.a */ = {isa = PBXFileReference; lastKnownFileType = archive.ar; name = libMrEngine.a; path = ../deps/lib/Release/libMrEngine.a; sourceTree = "<group>"; };
		CC611E711D7780C700144926 /* libboost_system.dylib */ = {isa = PBXFileReference; lastKnownFileType = "compiled.mach-o.dylib"; name = libboost_system.dylib; path = ../deps/lib/boost/libboost_system.dylib; sourceTree = "<group>"; };
		CC611E721D7780C700144926 /* libboost_filesystem.dylib */ = {isa = PBXFileReference; lastKnownFileType = "compiled.mach-o.dylib"; name = libboost_filesystem.dylib; path = ../deps/lib/boost/libboost_filesystem.dylib; sourceTree = "<group>"; };
		CC611E731D7780C700144926 /* libboost_system.a */ = {isa = PBXFileReference; lastKnownFileType = archive.ar; name = libboost_system.a; path = ../deps/lib/boost/libboost_system.a; sourceTree = "<group>"; };
		CC611E741D7780C700144926 /* libboost_filesystem.a */ = {isa = PBXFileReference; lastKnownFileType = archive.ar; name = libboost_filesystem.a; path = ../deps/lib/boost/libboost_filesystem.a; sourceTree = "<group>"; };
		CC611E791D77816A00144926 /* boost */ = {isa = PBXFileReference; lastKnownFileType = folder; name = boost; path = ../deps/includes/boost; sourceTree = "<group>"; };
		CC611E7A1D77821800144926 /* LevelReaderWriter.cpp */ = {isa = PBXFileReference; fileEncoding = 4; lastKnownFileType = sourcecode.cpp.cpp; path = LevelReaderWriter.cpp; sourceTree = "<group>"; };
		CC611E7B1D77821800144926 /* LevelReaderWriter.hpp */ = {isa = PBXFileReference; fileEncoding = 4; lastKnownFileType = sourcecode.cpp.h; path = LevelReaderWriter.hpp; sourceTree = "<group>"; };
		CC7EBE081D64E93200DF36A9 /* imgui_demo.cpp */ = {isa = PBXFileReference; fileEncoding = 4; lastKnownFileType = sourcecode.cpp.cpp; name = imgui_demo.cpp; path = ../deps/includes/imgui/imgui_demo.cpp; sourceTree = "<group>"; };
		CC8F3F071D628943003F80C0 /* Fonts */ = {isa = PBXFileReference; lastKnownFileType = folder; name = Fonts; path = Assets/Fonts; sourceTree = "<group>"; };
		CC8F3F081D628943003F80C0 /* Shaders */ = {isa = PBXFileReference; lastKnownFileType = folder; name = Shaders; path = Assets/Shaders; sourceTree = "<group>"; };
		CC8F3F091D628943003F80C0 /* Textures */ = {isa = PBXFileReference; lastKnownFileType = folder; name = Textures; path = Assets/Textures; sourceTree = "<group>"; };
		CC8F3F111D63664B003F80C0 /* Box2D */ = {isa = PBXFileReference; lastKnownFileType = folder; name = Box2D; path = ../deps/includes/Box2D; sourceTree = "<group>"; };
		CC8F3F131D63664B003F80C0 /* Frameworks */ = {isa = PBXFileReference; lastKnownFileType = folder; name = Frameworks; path = ../deps/includes/Frameworks; sourceTree = "<group>"; };
		CC8F3F141D63664B003F80C0 /* glm */ = {isa = PBXFileReference; lastKnownFileType = folder; name = glm; path = ../deps/includes/glm; sourceTree = "<group>"; };
		CC8F3F151D63664B003F80C0 /* imgui */ = {isa = PBXFileReference; lastKnownFileType = folder; name = imgui; path = ../deps/includes/imgui; sourceTree = "<group>"; };
		CC8F40941D636945003F80C0 /* imconfig.h */ = {isa = PBXFileReference; fileEncoding = 4; lastKnownFileType = sourcecode.c.h; name = imconfig.h; path = ../deps/includes/imgui/imconfig.h; sourceTree = "<group>"; };
		CC8F40951D636945003F80C0 /* imgui_draw.cpp */ = {isa = PBXFileReference; fileEncoding = 4; lastKnownFileType = sourcecode.cpp.cpp; name = imgui_draw.cpp; path = ../deps/includes/imgui/imgui_draw.cpp; sourceTree = "<group>"; };
		CC8F40961D636945003F80C0 /* imgui_internal.h */ = {isa = PBXFileReference; fileEncoding = 4; lastKnownFileType = sourcecode.c.h; name = imgui_internal.h; path = ../deps/includes/imgui/imgui_internal.h; sourceTree = "<group>"; };
		CC8F40971D636945003F80C0 /* imgui.cpp */ = {isa = PBXFileReference; fileEncoding = 4; lastKnownFileType = sourcecode.cpp.cpp; name = imgui.cpp; path = ../deps/includes/imgui/imgui.cpp; sourceTree = "<group>"; };
		CC8F40981D636945003F80C0 /* imgui.h */ = {isa = PBXFileReference; fileEncoding = 4; lastKnownFileType = sourcecode.c.h; name = imgui.h; path = ../deps/includes/imgui/imgui.h; sourceTree = "<group>"; };
		CC9BA5171D57ADC300EF149F /* NinjaPlatformer */ = {isa = PBXFileReference; explicitFileType = "compiled.mach-o.executable"; includeInIndex = 0; path = NinjaPlatformer; sourceTree = BUILT_PRODUCTS_DIR; };
		CC9BA5361D5813DA00EF149F /* SDL2.framework */ = {isa = PBXFileReference; lastKnownFileType = wrapper.framework; name = SDL2.framework; path = System/Library/Frameworks/SDL2.framework; sourceTree = SDKROOT; };
		CC9BA5381D5813E300EF149F /* OpenGL.framework */ = {isa = PBXFileReference; lastKnownFileType = wrapper.framework; name = OpenGL.framework; path = System/Library/Frameworks/OpenGL.framework; sourceTree = SDKROOT; };
		CC9BA5421D58163800EF149F /* SDL2_ttf.framework */ = {isa = PBXFileReference; lastKnownFileType = wrapper.framework; name = SDL2_ttf.framework; path = System/Library/Frameworks/SDL2_ttf.framework; sourceTree = SDKROOT; };
		CC9BA5D01D5D50D000EF149F /* libBox2D.a */ = {isa = PBXFileReference; lastKnownFileType = archive.ar; name = libBox2D.a; path = ../deps/lib/Release/libBox2D.a; sourceTree = "<group>"; };
		CCB4E1C01D68D5BE0006DB62 /* PauseMenu.cpp */ = {isa = PBXFileReference; fileEncoding = 4; lastKnownFileType = sourcecode.cpp.cpp; path = PauseMenu.cpp; sourceTree = "<group>"; };
		CCB4E1C11D68D5BE0006DB62 /* PauseMenu.hpp */ = {isa = PBXFileReference; fileEncoding = 4; lastKnownFileType = sourcecode.cpp.h; path = PauseMenu.hpp; sourceTree = "<group>"; };
		CCB4E1C31D6DE6E70006DB62 /* MainMenuScreen.cpp */ = {isa = PBXFileReference; fileEncoding = 4; lastKnownFileType = sourcecode.cpp.cpp; path = MainMenuScreen.cpp; sourceTree = "<group>"; };
		CCB4E1C41D6DE6E70006DB62 /* MainMenuScreen.hpp */ = {isa = PBXFileReference; fileEncoding = 4; lastKnownFileType = sourcecode.cpp.h; path = MainMenuScreen.hpp; sourceTree = "<group>"; };
		CCB4E1C61D6DE9DD0006DB62 /* ScreenIndices.hpp */ = {isa = PBXFileReference; lastKnownFileType = sourcecode.cpp.h; path = ScreenIndices.hpp; sourceTree = "<group>"; };
		CCB4E1C71D6E2BAC0006DB62 /* EditorScreen.cpp */ = {isa = PBXFileReference; fileEncoding = 4; lastKnownFileType = sourcecode.cpp.cpp; path = EditorScreen.cpp; sourceTree = "<group>"; };
		CCB4E1C81D6E2BAC0006DB62 /* EditorScreen.hpp */ = {isa = PBXFileReference; fileEncoding = 4; lastKnownFileType = sourcecode.cpp.h; path = EditorScreen.hpp; sourceTree = "<group>"; };
		CCE0078C1D64160600611E69 /* App.cpp */ = {isa = PBXFileReference; fileEncoding = 4; lastKnownFileType = sourcecode.cpp.cpp; path = App.cpp; sourceTree = "<group>"; };
		CCE0078D1D64160600611E69 /* App.hpp */ = {isa = PBXFileReference; fileEncoding = 4; lastKnownFileType = sourcecode.cpp.h; path = App.hpp; sourceTree = "<group>"; };
		CCE0078E1D64160600611E69 /* Box.cpp */ = {isa = PBXFileReference; fileEncoding = 4; lastKnownFileType = sourcecode.cpp.cpp; path = Box.cpp; sourceTree = "<group>"; };
		CCE0078F1D64160600611E69 /* Box.hpp */ = {isa = PBXFileReference; fileEncoding = 4; lastKnownFileType = sourcecode.cpp.h; path = Box.hpp; sourceTree = "<group>"; };
		CCE007901D64160600611E69 /* Capsule.cpp */ = {isa = PBXFileReference; fileEncoding = 4; lastKnownFileType = sourcecode.cpp.cpp; path = Capsule.cpp; sourceTree = "<group>"; };
		CCE007911D64160600611E69 /* Capsule.hpp */ = {isa = PBXFileReference; fileEncoding = 4; lastKnownFileType = sourcecode.cpp.h; path = Capsule.hpp; sourceTree = "<group>"; };
		CCE007921D64160600611E69 /* GameplayScreen.cpp */ = {isa = PBXFileReference; fileEncoding = 4; lastKnownFileType = sourcecode.cpp.cpp; path = GameplayScreen.cpp; sourceTree = "<group>"; };
		CCE007931D64160600611E69 /* GameplayScreen.hpp */ = {isa = PBXFileReference; fileEncoding = 4; lastKnownFileType = sourcecode.cpp.h; path = GameplayScreen.hpp; sourceTree = "<group>"; };
		CCE007941D64160600611E69 /* Light.h */ = {isa = PBXFileReference; fileEncoding = 4; lastKnownFileType = sourcecode.c.h; path = Light.h; sourceTree = "<group>"; };
		CCE007951D64160600611E69 /* main.cpp */ = {isa = PBXFileReference; fileEncoding = 4; lastKnownFileType = sourcecode.cpp.cpp; path = main.cpp; sourceTree = "<group>"; };
		CCE007961D64160600611E69 /* Player.cpp */ = {isa = PBXFileReference; fileEncoding = 4; lastKnownFileType = sourcecode.cpp.cpp; path = Player.cpp; sourceTree = "<group>"; };
		CCE007971D64160600611E69 /* Player.hpp */ = {isa = PBXFileReference; fileEncoding = 4; lastKnownFileType = sourcecode.cpp.h; path = Player.hpp; sourceTree = "<group>"; };
/* End PBXFileReference section */

/* Begin PBXFrameworksBuildPhase section */
		CC9BA5141D57ADC300EF149F /* Frameworks */ = {
			isa = PBXFrameworksBuildPhase;
			buildActionMask = 2147483647;
			files = (
				CC611E821D77B28200144926 /* SDL2.framework in Frameworks */,
				CC611E831D77B28200144926 /* SDL2_ttf.framework in Frameworks */,
				CC611E7D1D7783B700144926 /* libMrEngine.a in Frameworks */,
				CC611E751D7780C700144926 /* libboost_system.dylib in Frameworks */,
				CC611E761D7780C700144926 /* libboost_filesystem.dylib in Frameworks */,
				CC990C281D60C2F4004FAFA9 /* libBox2D.a in Frameworks */,
				CC9BA5441D58164100EF149F /* OpenGL.framework in Frameworks */,
			);
			runOnlyForDeploymentPostprocessing = 0;
		};
/* End PBXFrameworksBuildPhase section */

/* Begin PBXGroup section */
		CC8F3EFC1D623443003F80C0 /* Assets */ = {
			isa = PBXGroup;
			children = (
				CC8F3F071D628943003F80C0 /* Fonts */,
				CC8F3F081D628943003F80C0 /* Shaders */,
				CC8F3F091D628943003F80C0 /* Textures */,
			);
			name = Assets;
			sourceTree = "<group>";
		};
		CC8F3F101D636639003F80C0 /* includes */ = {
			isa = PBXGroup;
			children = (
				CC611E791D77816A00144926 /* boost */,
				CC8F3F111D63664B003F80C0 /* Box2D */,
				CC8F3F131D63664B003F80C0 /* Frameworks */,
				CC8F3F141D63664B003F80C0 /* glm */,
				CC8F3F151D63664B003F80C0 /* imgui */,
			);
			name = includes;
			sourceTree = "<group>";
		};
		CC8F40931D63692E003F80C0 /* imgui */ = {
			isa = PBXGroup;
			children = (
				CC7EBE081D64E93200DF36A9 /* imgui_demo.cpp */,
				CC8F40941D636945003F80C0 /* imconfig.h */,
				CC8F40951D636945003F80C0 /* imgui_draw.cpp */,
				CC8F40961D636945003F80C0 /* imgui_internal.h */,
				CC8F40971D636945003F80C0 /* imgui.cpp */,
				CC8F40981D636945003F80C0 /* imgui.h */,
			);
			name = imgui;
			sourceTree = "<group>";
		};
		CC9BA50E1D57ADC300EF149F = {
			isa = PBXGroup;
			children = (
				CC611E711D7780C700144926 /* libboost_system.dylib */,
				CC611E721D7780C700144926 /* libboost_filesystem.dylib */,
				CC611E731D7780C700144926 /* libboost_system.a */,
				CC611E741D7780C700144926 /* libboost_filesystem.a */,
				CC611D721D73876200144926 /* libMrEngine.a */,
				CC8F40931D63692E003F80C0 /* imgui */,
				CC8F3F101D636639003F80C0 /* includes */,
				CC8F3EFC1D623443003F80C0 /* Assets */,
				CC9BA5D01D5D50D000EF149F /* libBox2D.a */,
				CC9BA5421D58163800EF149F /* SDL2_ttf.framework */,
				CC9BA5381D5813E300EF149F /* OpenGL.framework */,
				CC9BA5361D5813DA00EF149F /* SDL2.framework */,
				CC9BA5191D57ADC300EF149F /* NinjaPlatformer */,
				CC9BA5181D57ADC300EF149F /* Products */,
			);
			sourceTree = "<group>";
		};
		CC9BA5181D57ADC300EF149F /* Products */ = {
			isa = PBXGroup;
			children = (
				CC9BA5171D57ADC300EF149F /* NinjaPlatformer */,
			);
			name = Products;
			sourceTree = "<group>";
		};
		CC9BA5191D57ADC300EF149F /* NinjaPlatformer */ = {
			isa = PBXGroup;
			children = (
				CC611E7A1D77821800144926 /* LevelReaderWriter.cpp */,
				CC611E7B1D77821800144926 /* LevelReaderWriter.hpp */,
				CCE0078C1D64160600611E69 /* App.cpp */,
				CCE0078D1D64160600611E69 /* App.hpp */,
				CCE0078E1D64160600611E69 /* Box.cpp */,
				CCE0078F1D64160600611E69 /* Box.hpp */,
				CCE007901D64160600611E69 /* Capsule.cpp */,
				CCE007911D64160600611E69 /* Capsule.hpp */,
				CCE007921D64160600611E69 /* GameplayScreen.cpp */,
				CCB4E1C01D68D5BE0006DB62 /* PauseMenu.cpp */,
				CCB4E1C11D68D5BE0006DB62 /* PauseMenu.hpp */,
				CCE007931D64160600611E69 /* GameplayScreen.hpp */,
				CCE007941D64160600611E69 /* Light.h */,
				CCB4E1C31D6DE6E70006DB62 /* MainMenuScreen.cpp */,
				CCB4E1C71D6E2BAC0006DB62 /* EditorScreen.cpp */,
				CCB4E1C81D6E2BAC0006DB62 /* EditorScreen.hpp */,
				CCB4E1C41D6DE6E70006DB62 /* MainMenuScreen.hpp */,
				CCE007951D64160600611E69 /* main.cpp */,
				CCE007961D64160600611E69 /* Player.cpp */,
				CCE007971D64160600611E69 /* Player.hpp */,
				CCB4E1C61D6DE9DD0006DB62 /* ScreenIndices.hpp */,
			);
			path = NinjaPlatformer;
			sourceTree = "<group>";
		};
/* End PBXGroup section */

/* Begin PBXNativeTarget section */
		CC9BA5161D57ADC300EF149F /* NinjaPlatformer */ = {
			isa = PBXNativeTarget;
			buildConfigurationList = CC9BA51E1D57ADC300EF149F /* Build configuration list for PBXNativeTarget "NinjaPlatformer" */;
			buildPhases = (
				CC9BA5131D57ADC300EF149F /* Sources */,
				CC9BA5141D57ADC300EF149F /* Frameworks */,
				CC9BA5151D57ADC300EF149F /* CopyFiles */,
			);
			buildRules = (
			);
			dependencies = (
			);
			name = NinjaPlatformer;
			productName = NinjaPlatformer;
			productReference = CC9BA5171D57ADC300EF149F /* NinjaPlatformer */;
			productType = "com.apple.product-type.tool";
		};
/* End PBXNativeTarget section */

/* Begin PBXProject section */
		CC9BA50F1D57ADC300EF149F /* Project object */ = {
			isa = PBXProject;
			attributes = {
				LastUpgradeCheck = 0730;
				ORGANIZATIONNAME = "Mark Griffith";
				TargetAttributes = {
					CC9BA5161D57ADC300EF149F = {
						CreatedOnToolsVersion = 7.3.1;
					};
				};
			};
			buildConfigurationList = CC9BA5121D57ADC300EF149F /* Build configuration list for PBXProject "NinjaPlatformer" */;
			compatibilityVersion = "Xcode 3.2";
			developmentRegion = English;
			hasScannedForEncodings = 0;
			knownRegions = (
				en,
			);
			mainGroup = CC9BA50E1D57ADC300EF149F;
			productRefGroup = CC9BA5181D57ADC300EF149F /* Products */;
			projectDirPath = "";
			projectRoot = "";
			targets = (
				CC9BA5161D57ADC300EF149F /* NinjaPlatformer */,
			);
		};
/* End PBXProject section */

/* Begin PBXSourcesBuildPhase section */
		CC9BA5131D57ADC300EF149F /* Sources */ = {
			isa = PBXSourcesBuildPhase;
			buildActionMask = 2147483647;
			files = (
				CCE007A41D64165600611E69 /* imgui_draw.cpp in Sources */,
				CCE007A51D64165600611E69 /* imgui.cpp in Sources */,
				CCB4E1C51D6DE6E70006DB62 /* MainMenuScreen.cpp in Sources */,
				CCE0079E1D64163E00611E69 /* App.cpp in Sources */,
				CCE0079F1D64163E00611E69 /* Box.cpp in Sources */,
				CCE007A01D64163E00611E69 /* Capsule.cpp in Sources */,
				CCE007A11D64163E00611E69 /* GameplayScreen.cpp in Sources */,
				CCE007A21D64163E00611E69 /* main.cpp in Sources */,
				CCB4E1C91D6E2BAC0006DB62 /* EditorScreen.cpp in Sources */,
				CC611E7C1D77821800144926 /* LevelReaderWriter.cpp in Sources */,
				CCE007A31D64163E00611E69 /* Player.cpp in Sources */,
				CC7EBE091D64E93200DF36A9 /* imgui_demo.cpp in Sources */,
				CCB4E1C21D68D5BE0006DB62 /* PauseMenu.cpp in Sources */,
			);
			runOnlyForDeploymentPostprocessing = 0;
		};
/* End PBXSourcesBuildPhase section */

/* Begin XCBuildConfiguration section */
		CC9BA51C1D57ADC300EF149F /* Debug */ = {
			isa = XCBuildConfiguration;
			buildSettings = {
				ALWAYS_SEARCH_USER_PATHS = NO;
				CLANG_ANALYZER_NONNULL = YES;
				CLANG_CXX_LANGUAGE_STANDARD = "gnu++0x";
				CLANG_CXX_LIBRARY = "libc++";
				CLANG_ENABLE_MODULES = YES;
				CLANG_ENABLE_OBJC_ARC = YES;
				CLANG_WARN_BOOL_CONVERSION = YES;
				CLANG_WARN_CONSTANT_CONVERSION = YES;
				CLANG_WARN_DIRECT_OBJC_ISA_USAGE = YES_ERROR;
				CLANG_WARN_EMPTY_BODY = YES;
				CLANG_WARN_ENUM_CONVERSION = YES;
				CLANG_WARN_INT_CONVERSION = YES;
				CLANG_WARN_OBJC_ROOT_CLASS = YES_ERROR;
				CLANG_WARN_UNREACHABLE_CODE = YES;
				CLANG_WARN__DUPLICATE_METHOD_MATCH = YES;
				CODE_SIGN_IDENTITY = "-";
				COPY_PHASE_STRIP = NO;
				DEBUG_INFORMATION_FORMAT = dwarf;
				ENABLE_STRICT_OBJC_MSGSEND = YES;
				ENABLE_TESTABILITY = YES;
				GCC_C_LANGUAGE_STANDARD = gnu99;
				GCC_DYNAMIC_NO_PIC = NO;
				GCC_NO_COMMON_BLOCKS = YES;
				GCC_OPTIMIZATION_LEVEL = 0;
				GCC_PREPROCESSOR_DEFINITIONS = (
					"DEBUG=1",
					"$(inherited)",
				);
				GCC_WARN_64_TO_32_BIT_CONVERSION = YES;
				GCC_WARN_ABOUT_RETURN_TYPE = YES_ERROR;
				GCC_WARN_UNDECLARED_SELECTOR = YES;
				GCC_WARN_UNINITIALIZED_AUTOS = YES_AGGRESSIVE;
				GCC_WARN_UNUSED_FUNCTION = YES;
				GCC_WARN_UNUSED_VARIABLE = YES;
				MACOSX_DEPLOYMENT_TARGET = 10.11;
				MTL_ENABLE_DEBUG_INFO = YES;
				ONLY_ACTIVE_ARCH = YES;
				SDKROOT = macosx;
			};
			name = Debug;
		};
		CC9BA51D1D57ADC300EF149F /* Release */ = {
			isa = XCBuildConfiguration;
			buildSettings = {
				ALWAYS_SEARCH_USER_PATHS = NO;
				CLANG_ANALYZER_NONNULL = YES;
				CLANG_CXX_LANGUAGE_STANDARD = "gnu++0x";
				CLANG_CXX_LIBRARY = "libc++";
				CLANG_ENABLE_MODULES = YES;
				CLANG_ENABLE_OBJC_ARC = YES;
				CLANG_WARN_BOOL_CONVERSION = YES;
				CLANG_WARN_CONSTANT_CONVERSION = YES;
				CLANG_WARN_DIRECT_OBJC_ISA_USAGE = YES_ERROR;
				CLANG_WARN_EMPTY_BODY = YES;
				CLANG_WARN_ENUM_CONVERSION = YES;
				CLANG_WARN_INT_CONVERSION = YES;
				CLANG_WARN_OBJC_ROOT_CLASS = YES_ERROR;
				CLANG_WARN_UNREACHABLE_CODE = YES;
				CLANG_WARN__DUPLICATE_METHOD_MATCH = YES;
				CODE_SIGN_IDENTITY = "-";
				COPY_PHASE_STRIP = NO;
				DEBUG_INFORMATION_FORMAT = "dwarf-with-dsym";
				ENABLE_NS_ASSERTIONS = NO;
				ENABLE_STRICT_OBJC_MSGSEND = YES;
				GCC_C_LANGUAGE_STANDARD = gnu99;
				GCC_NO_COMMON_BLOCKS = YES;
				GCC_WARN_64_TO_32_BIT_CONVERSION = YES;
				GCC_WARN_ABOUT_RETURN_TYPE = YES_ERROR;
				GCC_WARN_UNDECLARED_SELECTOR = YES;
				GCC_WARN_UNINITIALIZED_AUTOS = YES_AGGRESSIVE;
				GCC_WARN_UNUSED_FUNCTION = YES;
				GCC_WARN_UNUSED_VARIABLE = YES;
				MACOSX_DEPLOYMENT_TARGET = 10.11;
				MTL_ENABLE_DEBUG_INFO = NO;
				SDKROOT = macosx;
			};
			name = Release;
		};
		CC9BA51F1D57ADC300EF149F /* Debug */ = {
			isa = XCBuildConfiguration;
			buildSettings = {
				ALWAYS_SEARCH_USER_PATHS = YES;
				ARCHS = "$(ARCHS_STANDARD)";
				CLANG_CXX_LANGUAGE_STANDARD = "c++14";
				DEAD_CODE_STRIPPING = NO;
				FRAMEWORK_SEARCH_PATHS = "";
				HEADER_SEARCH_PATHS = "$(SRCROOT)/../deps/includes";
				LIBRARY_SEARCH_PATHS = (
					"$(SRCROOT)/../deps/lib/Debug",
					"$(SRCROOT)/../deps/lib/boost",
				);
				MACH_O_TYPE = mh_execute;
				PRODUCT_NAME = "$(TARGET_NAME)";
				USER_HEADER_SEARCH_PATHS = "$(SRCROOT)/../MrEngineLib/MrEngine $(SRCROOT)/../deps/includes";
			};
			name = Debug;
		};
		CC9BA5201D57ADC300EF149F /* Release */ = {
			isa = XCBuildConfiguration;
			buildSettings = {
				ALWAYS_SEARCH_USER_PATHS = YES;
				ARCHS = "$(ARCHS_STANDARD)";
				CLANG_CXX_LANGUAGE_STANDARD = "c++14";
				DEAD_CODE_STRIPPING = NO;
				FRAMEWORK_SEARCH_PATHS = "";
				HEADER_SEARCH_PATHS = "$(SRCROOT)/../deps/includes";
				LIBRARY_SEARCH_PATHS = (
					"$(SRCROOT)/../deps/lib/Release",
					"$(SRCROOT)/../deps/lib/boost",
				);
				MACH_O_TYPE = mh_execute;
				ONLY_ACTIVE_ARCH = YES;
				PRODUCT_NAME = "$(TARGET_NAME)";
				USER_HEADER_SEARCH_PATHS = "$(SRCROOT)/../MrEngineLib/MrEngine $(SRCROOT)/../deps/includes";
			};
			name = Release;
		};
/* End XCBuildConfiguration section */

/* Begin XCConfigurationList section */
		CC9BA5121D57ADC300EF149F /* Build configuration list for PBXProject "NinjaPlatformer" */ = {
			isa = XCConfigurationList;
			buildConfigurations = (
				CC9BA51C1D57ADC300EF149F /* Debug */,
				CC9BA51D1D57ADC300EF149F /* Release */,
			);
			defaultConfigurationIsVisible = 0;
			defaultConfigurationName = Release;
		};
		CC9BA51E1D57ADC300EF149F /* Build configuration list for PBXNativeTarget "NinjaPlatformer" */ = {
			isa = XCConfigurationList;
			buildConfigurations = (
				CC9BA51F1D57ADC300EF149F /* Debug */,
				CC9BA5201D57ADC300EF149F /* Release */,
			);
			defaultConfigurationIsVisible = 0;
			defaultConfigurationName = Release;
		};
/* End XCConfigurationList section */
	};
	rootObject = CC9BA50F1D57ADC300EF149F /* Project object */;
}
